
Microsoft Visual Studio Solution File, Format Version 12.00
# Visual Studio Version 17
VisualStudioVersion = 17.3.32929.385
MinimumVisualStudioVersion = 10.0.40219.1
Project("{FAE04EC0-301F-11D3-BF4B-00C04F79EFBC}") = "ViewPort", "ViewPort.csproj", "{CA4D726A-7BE4-4247-A722-56DD66E09E9E}"
EndProject
Global
	GlobalSection(SolutionConfigurationPlatforms) = preSolution
		Debug|Any CPU = Debug|Any CPU
		Release|Any CPU = Release|Any CPU
	EndGlobalSection
	GlobalSection(ProjectConfigurationPlatforms) = postSolution
		{CA4D726A-7BE4-4247-A722-56DD66E09E9E}.Debug|Any CPU.ActiveCfg = Debug|Any CPU
		{CA4D726A-7BE4-4247-A722-56DD66E09E9E}.Debug|Any CPU.Build.0 = Debug|Any CPU
		{CA4D726A-7BE4-4247-A722-56DD66E09E9E}.Release|Any CPU.ActiveCfg = Release|Any CPU
		{CA4D726A-7BE4-4247-A722-56DD66E09E9E}.Release|Any CPU.Build.0 = Release|Any CPU
	EndGlobalSection
	GlobalSection(SolutionProperties) = preSolution
		HideSolutionNode = FALSE
	EndGlobalSection
	GlobalSection(ExtensibilityGlobals) = postSolution
		SolutionGuid = {61057CA4-58F1-4DF4-8B68-E5CB32487462}
	EndGlobalSection
EndGlobal
